
Microsoft Visual Studio Solution File, Format Version 12.00
# Visual Studio Version 16
VisualStudioVersion = 16.0.30717.126
MinimumVisualStudioVersion = 10.0.40219.1
Project("{9A19103F-16F7-4668-BE54-9A1E7A4F7556}") = "LuckyNumber", "LuckyNumber\LuckyNumber.csproj", "{620D2412-707D-4101-BDF3-B42DF0163698}"
EndProject
Project("{FAE04EC0-301F-11D3-BF4B-00C04F79EFBC}") = "LuckyNumber.Tests", "LuckyNumber.Tests\LuckyNumber.Tests.csproj", "{D986A7CC-097C-43D6-B618-F06A12ADA9CD}"
EndProject
Global
	GlobalSection(SolutionConfigurationPlatforms) = preSolution
		Debug|Any CPU = Debug|Any CPU
		Release|Any CPU = Release|Any CPU
	EndGlobalSection
	GlobalSection(ProjectConfigurationPlatforms) = postSolution
		{620D2412-707D-4101-BDF3-B42DF0163698}.Debug|Any CPU.ActiveCfg = Debug|Any CPU
		{620D2412-707D-4101-BDF3-B42DF0163698}.Debug|Any CPU.Build.0 = Debug|Any CPU
		{620D2412-707D-4101-BDF3-B42DF0163698}.Release|Any CPU.ActiveCfg = Release|Any CPU
		{620D2412-707D-4101-BDF3-B42DF0163698}.Release|Any CPU.Build.0 = Release|Any CPU
		{D986A7CC-097C-43D6-B618-F06A12ADA9CD}.Debug|Any CPU.ActiveCfg = Debug|Any CPU
		{D986A7CC-097C-43D6-B618-F06A12ADA9CD}.Debug|Any CPU.Build.0 = Debug|Any CPU
		{D986A7CC-097C-43D6-B618-F06A12ADA9CD}.Release|Any CPU.ActiveCfg = Release|Any CPU
		{D986A7CC-097C-43D6-B618-F06A12ADA9CD}.Release|Any CPU.Build.0 = Release|Any CPU
	EndGlobalSection
	GlobalSection(SolutionProperties) = preSolution
		HideSolutionNode = FALSE
	EndGlobalSection
	GlobalSection(ExtensibilityGlobals) = postSolution
		SolutionGuid = {7705B3FA-5482-4AAB-80E5-9248718126AF}
	EndGlobalSection
EndGlobal
